
Microsoft Visual Studio Solution File, Format Version 12.00
# Visual Studio Version 17
VisualStudioVersion = 17.13.35931.197 d17.13
MinimumVisualStudioVersion = 10.0.40219.1
Project("{FAE04EC0-301F-11D3-BF4B-00C04F79EFBC}") = "ToDoAPI", "ToDoAPI\ToDoAPI.csproj", "{4EB88ED3-5E0B-4372-9498-77A94CE9C1B9}"
EndProject
Global
	GlobalSection(SolutionConfigurationPlatforms) = preSolution
		Debug|Any CPU = Debug|Any CPU
		Release|Any CPU = Release|Any CPU
	EndGlobalSection
	GlobalSection(ProjectConfigurationPlatforms) = postSolution
		{4EB88ED3-5E0B-4372-9498-77A94CE9C1B9}.Debug|Any CPU.ActiveCfg = Debug|Any CPU
		{4EB88ED3-5E0B-4372-9498-77A94CE9C1B9}.Debug|Any CPU.Build.0 = Debug|Any CPU
		{4EB88ED3-5E0B-4372-9498-77A94CE9C1B9}.Release|Any CPU.ActiveCfg = Release|Any CPU
		{4EB88ED3-5E0B-4372-9498-77A94CE9C1B9}.Release|Any CPU.Build.0 = Release|Any CPU
	EndGlobalSection
	GlobalSection(SolutionProperties) = preSolution
		HideSolutionNode = FALSE
	EndGlobalSection
	GlobalSection(ExtensibilityGlobals) = postSolution
		SolutionGuid = {56029604-E2FF-49C1-92D4-A69CCC99C0AF}
	EndGlobalSection
EndGlobal
